
Microsoft Visual Studio Solution File, Format Version 12.00
# Visual Studio 15
VisualStudioVersion = 15.0.27703.2026
MinimumVisualStudioVersion = 10.0.40219.1
Project("{FAE04EC0-301F-11D3-BF4B-00C04F79EFBC}") = "PizzeriaSimple", "PizzeriaSimple\PizzeriaSimple.csproj", "{2214E921-A99A-42B0-B1FD-058F2F4F5023}"
EndProject
Global
	GlobalSection(SolutionConfigurationPlatforms) = preSolution
		Debug|Any CPU = Debug|Any CPU
		Release|Any CPU = Release|Any CPU
	EndGlobalSection
	GlobalSection(ProjectConfigurationPlatforms) = postSolution
		{2214E921-A99A-42B0-B1FD-058F2F4F5023}.Debug|Any CPU.ActiveCfg = Debug|Any CPU
		{2214E921-A99A-42B0-B1FD-058F2F4F5023}.Debug|Any CPU.Build.0 = Debug|Any CPU
		{2214E921-A99A-42B0-B1FD-058F2F4F5023}.Release|Any CPU.ActiveCfg = Release|Any CPU
		{2214E921-A99A-42B0-B1FD-058F2F4F5023}.Release|Any CPU.Build.0 = Release|Any CPU
	EndGlobalSection
	GlobalSection(SolutionProperties) = preSolution
		HideSolutionNode = FALSE
	EndGlobalSection
	GlobalSection(ExtensibilityGlobals) = postSolution
		SolutionGuid = {ABE783D8-F244-4EFE-87B3-98E1F580DFA8}
	EndGlobalSection
EndGlobal
